
Microsoft Visual Studio Solution File, Format Version 12.00
# Visual Studio Version 17
VisualStudioVersion = 17.6.33815.320
MinimumVisualStudioVersion = 10.0.40219.1
Project("{FAE04EC0-301F-11D3-BF4B-00C04F79EFBC}") = "RandomPasswordGenerator", "RandomPasswordGenerator.csproj", "{2B42A7D0-7048-43BE-B9F7-35BEF392D1C8}"
EndProject
Global
	GlobalSection(SolutionConfigurationPlatforms) = preSolution
		Debug|Any CPU = Debug|Any CPU
		Release|Any CPU = Release|Any CPU
	EndGlobalSection
	GlobalSection(ProjectConfigurationPlatforms) = postSolution
		{2B42A7D0-7048-43BE-B9F7-35BEF392D1C8}.Debug|Any CPU.ActiveCfg = Debug|Any CPU
		{2B42A7D0-7048-43BE-B9F7-35BEF392D1C8}.Debug|Any CPU.Build.0 = Debug|Any CPU
		{2B42A7D0-7048-43BE-B9F7-35BEF392D1C8}.Release|Any CPU.ActiveCfg = Release|Any CPU
		{2B42A7D0-7048-43BE-B9F7-35BEF392D1C8}.Release|Any CPU.Build.0 = Release|Any CPU
	EndGlobalSection
	GlobalSection(SolutionProperties) = preSolution
		HideSolutionNode = FALSE
	EndGlobalSection
	GlobalSection(ExtensibilityGlobals) = postSolution
		SolutionGuid = {2ECA04C3-838D-457C-9B78-6D9A94062154}
	EndGlobalSection
EndGlobal
